
Microsoft Visual Studio Solution File, Format Version 12.00
# Visual Studio Version 17
VisualStudioVersion = 17.3.32922.545
MinimumVisualStudioVersion = 10.0.40219.1
Project("{FAE04EC0-301F-11D3-BF4B-00C04F79EFBC}") = "WebApplication1", "WebApplication1\WebApplication1.csproj", "{ABB9B306-45BB-4B1E-817F-F73044BFEB22}"
EndProject
Global
	GlobalSection(SolutionConfigurationPlatforms) = preSolution
		Debug|Any CPU = Debug|Any CPU
		Release|Any CPU = Release|Any CPU
	EndGlobalSection
	GlobalSection(ProjectConfigurationPlatforms) = postSolution
		{ABB9B306-45BB-4B1E-817F-F73044BFEB22}.Debug|Any CPU.ActiveCfg = Debug|Any CPU
		{ABB9B306-45BB-4B1E-817F-F73044BFEB22}.Debug|Any CPU.Build.0 = Debug|Any CPU
		{ABB9B306-45BB-4B1E-817F-F73044BFEB22}.Release|Any CPU.ActiveCfg = Release|Any CPU
		{ABB9B306-45BB-4B1E-817F-F73044BFEB22}.Release|Any CPU.Build.0 = Release|Any CPU
	EndGlobalSection
	GlobalSection(SolutionProperties) = preSolution
		HideSolutionNode = FALSE
	EndGlobalSection
	GlobalSection(ExtensibilityGlobals) = postSolution
		SolutionGuid = {7B3E3190-6C9C-4A5C-BB12-138B3D40F2B0}
	EndGlobalSection
EndGlobal
